
Microsoft Visual Studio Solution File, Format Version 12.00
# Visual Studio 15
VisualStudioVersion = 15.0.28307.2092
MinimumVisualStudioVersion = 10.0.40219.1
Project("{FAE04EC0-301F-11D3-BF4B-00C04F79EFBC}") = "Wheather", "Wheather\Wheather.csproj", "{15B92FDF-8D1C-4A76-A7E5-F2C8F759864B}"
EndProject
Global
	GlobalSection(SolutionConfigurationPlatforms) = preSolution
		Debug|Any CPU = Debug|Any CPU
		Release|Any CPU = Release|Any CPU
	EndGlobalSection
	GlobalSection(ProjectConfigurationPlatforms) = postSolution
		{15B92FDF-8D1C-4A76-A7E5-F2C8F759864B}.Debug|Any CPU.ActiveCfg = Debug|Any CPU
		{15B92FDF-8D1C-4A76-A7E5-F2C8F759864B}.Debug|Any CPU.Build.0 = Debug|Any CPU
		{15B92FDF-8D1C-4A76-A7E5-F2C8F759864B}.Release|Any CPU.ActiveCfg = Release|Any CPU
		{15B92FDF-8D1C-4A76-A7E5-F2C8F759864B}.Release|Any CPU.Build.0 = Release|Any CPU
	EndGlobalSection
	GlobalSection(SolutionProperties) = preSolution
		HideSolutionNode = FALSE
	EndGlobalSection
	GlobalSection(ExtensibilityGlobals) = postSolution
		SolutionGuid = {B358B15F-12FB-4467-B807-AEBA07686684}
	EndGlobalSection
EndGlobal
